
Microsoft Visual Studio Solution File, Format Version 12.00
# Visual Studio Version 17
VisualStudioVersion = 17.0.31919.166
MinimumVisualStudioVersion = 10.0.40219.1
Project("{FAE04EC0-301F-11D3-BF4B-00C04F79EFBC}") = "Advent of Code", "Advent of Code.csproj", "{83BC997F-1676-47BE-8C06-D9DAAF5864B7}"
EndProject
Global
	GlobalSection(SolutionConfigurationPlatforms) = preSolution
		Debug|Any CPU = Debug|Any CPU
		Release|Any CPU = Release|Any CPU
	EndGlobalSection
	GlobalSection(ProjectConfigurationPlatforms) = postSolution
		{83BC997F-1676-47BE-8C06-D9DAAF5864B7}.Debug|Any CPU.ActiveCfg = Debug|Any CPU
		{83BC997F-1676-47BE-8C06-D9DAAF5864B7}.Debug|Any CPU.Build.0 = Debug|Any CPU
		{83BC997F-1676-47BE-8C06-D9DAAF5864B7}.Release|Any CPU.ActiveCfg = Release|Any CPU
		{83BC997F-1676-47BE-8C06-D9DAAF5864B7}.Release|Any CPU.Build.0 = Release|Any CPU
	EndGlobalSection
	GlobalSection(SolutionProperties) = preSolution
		HideSolutionNode = FALSE
	EndGlobalSection
	GlobalSection(ExtensibilityGlobals) = postSolution
		SolutionGuid = {A36BD7F3-2D1D-413A-B04C-002BB26A0B19}
	EndGlobalSection
EndGlobal
